
Microsoft Visual Studio Solution File, Format Version 12.00
# Visual Studio Version 16
VisualStudioVersion = 16.0.29306.81
MinimumVisualStudioVersion = 10.0.40219.1
Project("{F184B08F-C81C-45F6-A57F-5ABD9991F28F}") = "text-editor", "text-editor.vbproj", "{EF4204CC-C892-49B2-BE15-E96068374F9F}"
EndProject
Global
	GlobalSection(SolutionConfigurationPlatforms) = preSolution
		Debug|Any CPU = Debug|Any CPU
		Release|Any CPU = Release|Any CPU
	EndGlobalSection
	GlobalSection(ProjectConfigurationPlatforms) = postSolution
		{EF4204CC-C892-49B2-BE15-E96068374F9F}.Debug|Any CPU.ActiveCfg = Debug|Any CPU
		{EF4204CC-C892-49B2-BE15-E96068374F9F}.Debug|Any CPU.Build.0 = Debug|Any CPU
		{EF4204CC-C892-49B2-BE15-E96068374F9F}.Release|Any CPU.ActiveCfg = Release|Any CPU
		{EF4204CC-C892-49B2-BE15-E96068374F9F}.Release|Any CPU.Build.0 = Release|Any CPU
	EndGlobalSection
	GlobalSection(SolutionProperties) = preSolution
		HideSolutionNode = FALSE
	EndGlobalSection
	GlobalSection(ExtensibilityGlobals) = postSolution
		SolutionGuid = {59979125-E23C-409C-8F89-3A77DD65B942}
	EndGlobalSection
EndGlobal
